
Microsoft Visual Studio Solution File, Format Version 12.00
# Visual Studio Version 16
VisualStudioVersion = 16.0.34031.81
MinimumVisualStudioVersion = 10.0.40219.1
Project("{2150E333-8FDC-42A3-9474-1A3956D46DE8}") = "Task0", "Task0", "{D4FADC24-9B2A-473D-9081-D8B28B2A7BA2}"
EndProject
Project("{FAE04EC0-301F-11D3-BF4B-00C04F79EFBC}") = "Tyuiu.KlokovIA.Sprint2.Task0.V19", "Tyuiu.KlokovIA.Sprint2.Task0.V19\Tyuiu.KlokovIA.Sprint2.Task0.V19.csproj", "{83C4FC39-4BCB-4D07-9836-698A96CB24BE}"
EndProject
Project("{FAE04EC0-301F-11D3-BF4B-00C04F79EFBC}") = "Tyuiu.KlokovIA.Sprint2.Task0.V19.Lib", "Tyuiu.KlokovIA.Sprint2.Task0.V19.Lib\Tyuiu.KlokovIA.Sprint2.Task0.V19.Lib.csproj", "{27CE9BE2-7793-4129-A40F-40C462E86825}"
EndProject
Project("{FAE04EC0-301F-11D3-BF4B-00C04F79EFBC}") = "Tyuiu.KlokovIA.Sprint2.Task0.V19.Test", "Tyuiu.KlokovIA.Sprint2.Task0.V19.Test\Tyuiu.KlokovIA.Sprint2.Task0.V19.Test.csproj", "{5CA68660-D2CA-44EA-BE8A-71AC68B230C1}"
EndProject
Project("{2150E333-8FDC-42A3-9474-1A3956D46DE8}") = "Task1", "Task1", "{4DA6ABC9-7ABE-4758-BACE-F8CB7F031CB3}"
EndProject
Project("{FAE04EC0-301F-11D3-BF4B-00C04F79EFBC}") = "Tyuiu.KlokovIA.Sprint2.Task1.V11", "Tyuiu.KlokovIA.Sprint2.Task1.V11\Tyuiu.KlokovIA.Sprint2.Task1.V11.csproj", "{9E76A7A7-92F1-48EA-9E8D-A11ED9DF54CD}"
EndProject
Project("{FAE04EC0-301F-11D3-BF4B-00C04F79EFBC}") = "Tyuiu.KlokovIA.Sprint2.Task1.V11.Lib", "Tyuiu.KlokovIA.Sprint2.Task1.V11.Lib\Tyuiu.KlokovIA.Sprint2.Task1.V11.Lib.csproj", "{4B311E6B-EED0-4038-AD87-2B94EEDF84BE}"
EndProject
Project("{FAE04EC0-301F-11D3-BF4B-00C04F79EFBC}") = "Tyuiu.KlokovIA.Sprint2.Task1.V11.Test", "Tyuiu.KlokovIA.Sprint2.Task1.V11.Test\Tyuiu.KlokovIA.Sprint2.Task1.V11.Test.csproj", "{95D9B258-C9DB-4941-A763-635603C0CED9}"
EndProject
Project("{2150E333-8FDC-42A3-9474-1A3956D46DE8}") = "Task2", "Task2", "{4788A35C-4CD9-4BB1-A388-016D483D2CEA}"
EndProject
Project("{FAE04EC0-301F-11D3-BF4B-00C04F79EFBC}") = "Tyuiu.KlokovIA.Sprint2.Task2.V10", "Tyuiu.KlokovIA.Sprint2.Task2.V10\Tyuiu.KlokovIA.Sprint2.Task2.V10.csproj", "{49DD44FD-E7E2-4D74-889F-6DD9F4E5AB88}"
EndProject
Project("{FAE04EC0-301F-11D3-BF4B-00C04F79EFBC}") = "Tyuiu.KlokovIA.Sprint2.Task2.V10.Lib", "Tyuiu.KlokovIA.Sprint2.Task2.V10.Lib\Tyuiu.KlokovIA.Sprint2.Task2.V10.Lib.csproj", "{ADFC67A6-9BB2-460A-838E-118C4E46D692}"
EndProject
Project("{FAE04EC0-301F-11D3-BF4B-00C04F79EFBC}") = "Tyuiu.KlokovIA.Sprint2.Task2.V10.Test", "Tyuiu.KlokovIA.Sprint2.Task2.V10.Test\Tyuiu.KlokovIA.Sprint2.Task2.V10.Test.csproj", "{86159CFA-9F81-47BD-A5AC-6AE49E22549A}"
EndProject
Project("{2150E333-8FDC-42A3-9474-1A3956D46DE8}") = "Task3", "Task3", "{708BFB53-45E8-4805-B42D-F0AEDCB23E6F}"
EndProject
Project("{FAE04EC0-301F-11D3-BF4B-00C04F79EFBC}") = "Tyuiu.KlokovIA.Sprint2.Task3.V20", "Tyuiu.KlokovIA.Sprint2.Task3.V20\Tyuiu.KlokovIA.Sprint2.Task3.V20.csproj", "{E3B03CF0-BA96-4B8F-958F-38F91BBC621B}"
EndProject
Project("{FAE04EC0-301F-11D3-BF4B-00C04F79EFBC}") = "Tyuiu.KlokovIA.Sprint2.Task3.V20.Lib", "Tyuiu.KlokovIA.Sprint2.Task3.V20.Lib\Tyuiu.KlokovIA.Sprint2.Task3.V20.Lib.csproj", "{EBF2CCEC-5B0F-4391-9D6B-A273C0881586}"
EndProject
Project("{FAE04EC0-301F-11D3-BF4B-00C04F79EFBC}") = "Tyuiu.KlokovIA.Sprint2.Task3.V20.Test", "Tyuiu.KlokovIA.Sprint2.Task3.V20.Test\Tyuiu.KlokovIA.Sprint2.Task3.V20.Test.csproj", "{2E1C1C8C-E458-46C3-988D-B15A39A4B15D}"
EndProject
Project("{2150E333-8FDC-42A3-9474-1A3956D46DE8}") = "Task4", "Task4", "{49F0ED3C-DEDC-45F2-B960-9D42B87144D9}"
EndProject
Project("{FAE04EC0-301F-11D3-BF4B-00C04F79EFBC}") = "Tyuiu.KlokovIA.Sprint2.Task4.V21", "Tyuiu.KlokovIA.Sprint2.Task4.V21\Tyuiu.KlokovIA.Sprint2.Task4.V21.csproj", "{C7396514-32D5-493A-84FF-2F0FA54EDE37}"
EndProject
Project("{FAE04EC0-301F-11D3-BF4B-00C04F79EFBC}") = "Tyuiu.KlokovIA.Sprint2.Task4.V21.Lib", "Tyuiu.KlokovIA.Sprint2.Task4.V21.Lib\Tyuiu.KlokovIA.Sprint2.Task4.V21.Lib.csproj", "{8A0C45B1-4B74-4E92-96D4-9576D3B6C206}"
EndProject
Project("{FAE04EC0-301F-11D3-BF4B-00C04F79EFBC}") = "Tyuiu.KlokovIA.Sprint2.Task4.V21.Test", "Tyuiu.KlokovIA.Sprint2.Task4.V21.Test\Tyuiu.KlokovIA.Sprint2.Task4.V21.Test.csproj", "{24B7BA0C-150B-4B48-92D4-D5BC7FEED2B4}"
EndProject
Project("{2150E333-8FDC-42A3-9474-1A3956D46DE8}") = "Task5", "Task5", "{456F5705-A787-49E9-B4F1-7D78D3F2FD37}"
EndProject
Project("{FAE04EC0-301F-11D3-BF4B-00C04F79EFBC}") = "Tyuiu.KlokovIA.Sprint2.Task5.V4", "Tyuiu.KlokovIA.Sprint2.Task5.V4\Tyuiu.KlokovIA.Sprint2.Task5.V4.csproj", "{45735FA8-153E-4621-8332-E288BCED1C23}"
EndProject
Project("{FAE04EC0-301F-11D3-BF4B-00C04F79EFBC}") = "Tyuiu.KlokovIA.Sprint2.Task5.V4.Lib", "Tyuiu.KlokovIA.Sprint2.Task5.V4.Lib\Tyuiu.KlokovIA.Sprint2.Task5.V4.Lib.csproj", "{592CF31C-D3F0-419C-A415-4CDD46251416}"
EndProject
Project("{FAE04EC0-301F-11D3-BF4B-00C04F79EFBC}") = "Tyuiu.KlokovIA.Sprint2.Task5.V4.Test", "Tyuiu.KlokovIA.Sprint2.Task5.V4.Test\Tyuiu.KlokovIA.Sprint2.Task5.V4.Test.csproj", "{00017B4C-00EA-4F0F-BDA6-121FB8C7E0B1}"
EndProject
Global
	GlobalSection(SolutionConfigurationPlatforms) = preSolution
		Debug|Any CPU = Debug|Any CPU
		Release|Any CPU = Release|Any CPU
	EndGlobalSection
	GlobalSection(ProjectConfigurationPlatforms) = postSolution
		{83C4FC39-4BCB-4D07-9836-698A96CB24BE}.Debug|Any CPU.ActiveCfg = Debug|Any CPU
		{83C4FC39-4BCB-4D07-9836-698A96CB24BE}.Debug|Any CPU.Build.0 = Debug|Any CPU
		{83C4FC39-4BCB-4D07-9836-698A96CB24BE}.Release|Any CPU.ActiveCfg = Release|Any CPU
		{83C4FC39-4BCB-4D07-9836-698A96CB24BE}.Release|Any CPU.Build.0 = Release|Any CPU
		{27CE9BE2-7793-4129-A40F-40C462E86825}.Debug|Any CPU.ActiveCfg = Debug|Any CPU
		{27CE9BE2-7793-4129-A40F-40C462E86825}.Debug|Any CPU.Build.0 = Debug|Any CPU
		{27CE9BE2-7793-4129-A40F-40C462E86825}.Release|Any CPU.ActiveCfg = Release|Any CPU
		{27CE9BE2-7793-4129-A40F-40C462E86825}.Release|Any CPU.Build.0 = Release|Any CPU
		{5CA68660-D2CA-44EA-BE8A-71AC68B230C1}.Debug|Any CPU.ActiveCfg = Debug|Any CPU
		{5CA68660-D2CA-44EA-BE8A-71AC68B230C1}.Debug|Any CPU.Build.0 = Debug|Any CPU
		{5CA68660-D2CA-44EA-BE8A-71AC68B230C1}.Release|Any CPU.ActiveCfg = Release|Any CPU
		{5CA68660-D2CA-44EA-BE8A-71AC68B230C1}.Release|Any CPU.Build.0 = Release|Any CPU
		{9E76A7A7-92F1-48EA-9E8D-A11ED9DF54CD}.Debug|Any CPU.ActiveCfg = Debug|Any CPU
		{9E76A7A7-92F1-48EA-9E8D-A11ED9DF54CD}.Debug|Any CPU.Build.0 = Debug|Any CPU
		{9E76A7A7-92F1-48EA-9E8D-A11ED9DF54CD}.Release|Any CPU.ActiveCfg = Release|Any CPU
		{9E76A7A7-92F1-48EA-9E8D-A11ED9DF54CD}.Release|Any CPU.Build.0 = Release|Any CPU
		{4B311E6B-EED0-4038-AD87-2B94EEDF84BE}.Debug|Any CPU.ActiveCfg = Debug|Any CPU
		{4B311E6B-EED0-4038-AD87-2B94EEDF84BE}.Debug|Any CPU.Build.0 = Debug|Any CPU
		{4B311E6B-EED0-4038-AD87-2B94EEDF84BE}.Release|Any CPU.ActiveCfg = Release|Any CPU
		{4B311E6B-EED0-4038-AD87-2B94EEDF84BE}.Release|Any CPU.Build.0 = Release|Any CPU
		{95D9B258-C9DB-4941-A763-635603C0CED9}.Debug|Any CPU.ActiveCfg = Debug|Any CPU
		{95D9B258-C9DB-4941-A763-635603C0CED9}.Debug|Any CPU.Build.0 = Debug|Any CPU
		{95D9B258-C9DB-4941-A763-635603C0CED9}.Release|Any CPU.ActiveCfg = Release|Any CPU
		{95D9B258-C9DB-4941-A763-635603C0CED9}.Release|Any CPU.Build.0 = Release|Any CPU
		{49DD44FD-E7E2-4D74-889F-6DD9F4E5AB88}.Debug|Any CPU.ActiveCfg = Debug|Any CPU
		{49DD44FD-E7E2-4D74-889F-6DD9F4E5AB88}.Debug|Any CPU.Build.0 = Debug|Any CPU
		{49DD44FD-E7E2-4D74-889F-6DD9F4E5AB88}.Release|Any CPU.ActiveCfg = Release|Any CPU
		{49DD44FD-E7E2-4D74-889F-6DD9F4E5AB88}.Release|Any CPU.Build.0 = Release|Any CPU
		{ADFC67A6-9BB2-460A-838E-118C4E46D692}.Debug|Any CPU.ActiveCfg = Debug|Any CPU
		{ADFC67A6-9BB2-460A-838E-118C4E46D692}.Debug|Any CPU.Build.0 = Debug|Any CPU
		{ADFC67A6-9BB2-460A-838E-118C4E46D692}.Release|Any CPU.ActiveCfg = Release|Any CPU
		{ADFC67A6-9BB2-460A-838E-118C4E46D692}.Release|Any CPU.Build.0 = Release|Any CPU
		{86159CFA-9F81-47BD-A5AC-6AE49E22549A}.Debug|Any CPU.ActiveCfg = Debug|Any CPU
		{86159CFA-9F81-47BD-A5AC-6AE49E22549A}.Debug|Any CPU.Build.0 = Debug|Any CPU
		{86159CFA-9F81-47BD-A5AC-6AE49E22549A}.Release|Any CPU.ActiveCfg = Release|Any CPU
		{86159CFA-9F81-47BD-A5AC-6AE49E22549A}.Release|Any CPU.Build.0 = Release|Any CPU
		{E3B03CF0-BA96-4B8F-958F-38F91BBC621B}.Debug|Any CPU.ActiveCfg = Debug|Any CPU
		{E3B03CF0-BA96-4B8F-958F-38F91BBC621B}.Debug|Any CPU.Build.0 = Debug|Any CPU
		{E3B03CF0-BA96-4B8F-958F-38F91BBC621B}.Release|Any CPU.ActiveCfg = Release|Any CPU
		{E3B03CF0-BA96-4B8F-958F-38F91BBC621B}.Release|Any CPU.Build.0 = Release|Any CPU
		{EBF2CCEC-5B0F-4391-9D6B-A273C0881586}.Debug|Any CPU.ActiveCfg = Debug|Any CPU
		{EBF2CCEC-5B0F-4391-9D6B-A273C0881586}.Debug|Any CPU.Build.0 = Debug|Any CPU
		{EBF2CCEC-5B0F-4391-9D6B-A273C0881586}.Release|Any CPU.ActiveCfg = Release|Any CPU
		{EBF2CCEC-5B0F-4391-9D6B-A273C0881586}.Release|Any CPU.Build.0 = Release|Any CPU
		{2E1C1C8C-E458-46C3-988D-B15A39A4B15D}.Debug|Any CPU.ActiveCfg = Debug|Any CPU
		{2E1C1C8C-E458-46C3-988D-B15A39A4B15D}.Debug|Any CPU.Build.0 = Debug|Any CPU
		{2E1C1C8C-E458-46C3-988D-B15A39A4B15D}.Release|Any CPU.ActiveCfg = Release|Any CPU
		{2E1C1C8C-E458-46C3-988D-B15A39A4B15D}.Release|Any CPU.Build.0 = Release|Any CPU
		{C7396514-32D5-493A-84FF-2F0FA54EDE37}.Debug|Any CPU.ActiveCfg = Debug|Any CPU
		{C7396514-32D5-493A-84FF-2F0FA54EDE37}.Debug|Any CPU.Build.0 = Debug|Any CPU
		{C7396514-32D5-493A-84FF-2F0FA54EDE37}.Release|Any CPU.ActiveCfg = Release|Any CPU
		{C7396514-32D5-493A-84FF-2F0FA54EDE37}.Release|Any CPU.Build.0 = Release|Any CPU
		{8A0C45B1-4B74-4E92-96D4-9576D3B6C206}.Debug|Any CPU.ActiveCfg = Debug|Any CPU
		{8A0C45B1-4B74-4E92-96D4-9576D3B6C206}.Debug|Any CPU.Build.0 = Debug|Any CPU
		{8A0C45B1-4B74-4E92-96D4-9576D3B6C206}.Release|Any CPU.ActiveCfg = Release|Any CPU
		{8A0C45B1-4B74-4E92-96D4-9576D3B6C206}.Release|Any CPU.Build.0 = Release|Any CPU
		{24B7BA0C-150B-4B48-92D4-D5BC7FEED2B4}.Debug|Any CPU.ActiveCfg = Debug|Any CPU
		{24B7BA0C-150B-4B48-92D4-D5BC7FEED2B4}.Debug|Any CPU.Build.0 = Debug|Any CPU
		{24B7BA0C-150B-4B48-92D4-D5BC7FEED2B4}.Release|Any CPU.ActiveCfg = Release|Any CPU
		{24B7BA0C-150B-4B48-92D4-D5BC7FEED2B4}.Release|Any CPU.Build.0 = Release|Any CPU
		{45735FA8-153E-4621-8332-E288BCED1C23}.Debug|Any CPU.ActiveCfg = Debug|Any CPU
		{45735FA8-153E-4621-8332-E288BCED1C23}.Debug|Any CPU.Build.0 = Debug|Any CPU
		{45735FA8-153E-4621-8332-E288BCED1C23}.Release|Any CPU.ActiveCfg = Release|Any CPU
		{45735FA8-153E-4621-8332-E288BCED1C23}.Release|Any CPU.Build.0 = Release|Any CPU
		{592CF31C-D3F0-419C-A415-4CDD46251416}.Debug|Any CPU.ActiveCfg = Debug|Any CPU
		{592CF31C-D3F0-419C-A415-4CDD46251416}.Debug|Any CPU.Build.0 = Debug|Any CPU
		{592CF31C-D3F0-419C-A415-4CDD46251416}.Release|Any CPU.ActiveCfg = Release|Any CPU
		{592CF31C-D3F0-419C-A415-4CDD46251416}.Release|Any CPU.Build.0 = Release|Any CPU
		{00017B4C-00EA-4F0F-BDA6-121FB8C7E0B1}.Debug|Any CPU.ActiveCfg = Debug|Any CPU
		{00017B4C-00EA-4F0F-BDA6-121FB8C7E0B1}.Debug|Any CPU.Build.0 = Debug|Any CPU
		{00017B4C-00EA-4F0F-BDA6-121FB8C7E0B1}.Release|Any CPU.ActiveCfg = Release|Any CPU
		{00017B4C-00EA-4F0F-BDA6-121FB8C7E0B1}.Release|Any CPU.Build.0 = Release|Any CPU
	EndGlobalSection
	GlobalSection(SolutionProperties) = preSolution
		HideSolutionNode = FALSE
	EndGlobalSection
	GlobalSection(NestedProjects) = preSolution
		{83C4FC39-4BCB-4D07-9836-698A96CB24BE} = {D4FADC24-9B2A-473D-9081-D8B28B2A7BA2}
		{27CE9BE2-7793-4129-A40F-40C462E86825} = {D4FADC24-9B2A-473D-9081-D8B28B2A7BA2}
		{5CA68660-D2CA-44EA-BE8A-71AC68B230C1} = {D4FADC24-9B2A-473D-9081-D8B28B2A7BA2}
		{9E76A7A7-92F1-48EA-9E8D-A11ED9DF54CD} = {4DA6ABC9-7ABE-4758-BACE-F8CB7F031CB3}
		{4B311E6B-EED0-4038-AD87-2B94EEDF84BE} = {4DA6ABC9-7ABE-4758-BACE-F8CB7F031CB3}
		{95D9B258-C9DB-4941-A763-635603C0CED9} = {4DA6ABC9-7ABE-4758-BACE-F8CB7F031CB3}
		{49DD44FD-E7E2-4D74-889F-6DD9F4E5AB88} = {4788A35C-4CD9-4BB1-A388-016D483D2CEA}
		{ADFC67A6-9BB2-460A-838E-118C4E46D692} = {4788A35C-4CD9-4BB1-A388-016D483D2CEA}
		{86159CFA-9F81-47BD-A5AC-6AE49E22549A} = {4788A35C-4CD9-4BB1-A388-016D483D2CEA}
		{E3B03CF0-BA96-4B8F-958F-38F91BBC621B} = {708BFB53-45E8-4805-B42D-F0AEDCB23E6F}
		{EBF2CCEC-5B0F-4391-9D6B-A273C0881586} = {708BFB53-45E8-4805-B42D-F0AEDCB23E6F}
		{2E1C1C8C-E458-46C3-988D-B15A39A4B15D} = {708BFB53-45E8-4805-B42D-F0AEDCB23E6F}
		{C7396514-32D5-493A-84FF-2F0FA54EDE37} = {49F0ED3C-DEDC-45F2-B960-9D42B87144D9}
		{8A0C45B1-4B74-4E92-96D4-9576D3B6C206} = {49F0ED3C-DEDC-45F2-B960-9D42B87144D9}
		{24B7BA0C-150B-4B48-92D4-D5BC7FEED2B4} = {49F0ED3C-DEDC-45F2-B960-9D42B87144D9}
		{45735FA8-153E-4621-8332-E288BCED1C23} = {456F5705-A787-49E9-B4F1-7D78D3F2FD37}
		{592CF31C-D3F0-419C-A415-4CDD46251416} = {456F5705-A787-49E9-B4F1-7D78D3F2FD37}
		{00017B4C-00EA-4F0F-BDA6-121FB8C7E0B1} = {456F5705-A787-49E9-B4F1-7D78D3F2FD37}
	EndGlobalSection
	GlobalSection(ExtensibilityGlobals) = postSolution
		SolutionGuid = {6F20D272-ACDF-4ADB-9AA3-492D0CD1C3EB}
	EndGlobalSection
EndGlobal
